
Microsoft Visual Studio Solution File, Format Version 12.00
# Visual Studio Version 17
VisualStudioVersion = 17.6.33712.159
MinimumVisualStudioVersion = 10.0.40219.1
Project("{FAE04EC0-301F-11D3-BF4B-00C04F79EFBC}") = "Figure", "Figure\Figure.csproj", "{BF35F9B7-A4C7-4281-87A4-AB81523BB33A}"
EndProject
Global
	GlobalSection(SolutionConfigurationPlatforms) = preSolution
		Debug|Any CPU = Debug|Any CPU
		Release|Any CPU = Release|Any CPU
	EndGlobalSection
	GlobalSection(ProjectConfigurationPlatforms) = postSolution
		{BF35F9B7-A4C7-4281-87A4-AB81523BB33A}.Debug|Any CPU.ActiveCfg = Debug|Any CPU
		{BF35F9B7-A4C7-4281-87A4-AB81523BB33A}.Debug|Any CPU.Build.0 = Debug|Any CPU
		{BF35F9B7-A4C7-4281-87A4-AB81523BB33A}.Release|Any CPU.ActiveCfg = Release|Any CPU
		{BF35F9B7-A4C7-4281-87A4-AB81523BB33A}.Release|Any CPU.Build.0 = Release|Any CPU
	EndGlobalSection
	GlobalSection(SolutionProperties) = preSolution
		HideSolutionNode = FALSE
	EndGlobalSection
	GlobalSection(ExtensibilityGlobals) = postSolution
		SolutionGuid = {6BA862D3-F575-4385-ABAA-DB0B1A830834}
	EndGlobalSection
EndGlobal
